
Microsoft Visual Studio Solution File, Format Version 12.00
# Visual Studio Version 17
VisualStudioVersion = 17.1.32414.318
MinimumVisualStudioVersion = 10.0.40219.1
Project("{FAE04EC0-301F-11D3-BF4B-00C04F79EFBC}") = "BookStore", "Bookstore\BookStore.csproj", "{DB7FBDCE-717B-45E6-AFC6-10922857D8E8}"
EndProject
Global
	GlobalSection(SolutionConfigurationPlatforms) = preSolution
		Debug|Any CPU = Debug|Any CPU
		Release|Any CPU = Release|Any CPU
	EndGlobalSection
	GlobalSection(ProjectConfigurationPlatforms) = postSolution
		{DB7FBDCE-717B-45E6-AFC6-10922857D8E8}.Debug|Any CPU.ActiveCfg = Debug|Any CPU
		{DB7FBDCE-717B-45E6-AFC6-10922857D8E8}.Debug|Any CPU.Build.0 = Debug|Any CPU
		{DB7FBDCE-717B-45E6-AFC6-10922857D8E8}.Release|Any CPU.ActiveCfg = Release|Any CPU
		{DB7FBDCE-717B-45E6-AFC6-10922857D8E8}.Release|Any CPU.Build.0 = Release|Any CPU
	EndGlobalSection
	GlobalSection(SolutionProperties) = preSolution
		HideSolutionNode = FALSE
	EndGlobalSection
	GlobalSection(ExtensibilityGlobals) = postSolution
		SolutionGuid = {58706559-A1E4-410F-8B29-2F6BC608FED6}
	EndGlobalSection
EndGlobal
